<?xml version="1.0" encoding="utf-8"?>
<Project ToolsVersion="4.0" xmlns="http://schemas.microsoft.com/developer/msbuild/2003">
  <ItemGroup>
    <ClCompile Include="Libraries\lib\ImGui\imgui.cpp" />
    <ClCompile Include="Libraries\lib\ImGui\ImGuizmo.cpp" />
    <ClCompile Include="Libraries\lib\ImGui\imgui_demo.cpp" />
    <ClCompile Include="Libraries\lib\ImGui\imgui_draw.cpp" />
    <ClCompile Include="Libraries\lib\ImGui\imgui_impl_glfw.cpp" />
    <ClCompile Include="Libraries\lib\ImGui\imgui_impl_opengl3.cpp" />
    <ClCompile Include="Libraries\lib\ImGui\imgui_tables.cpp" />
    <ClCompile Include="Libraries\lib\ImGui\imgui_widgets.cpp" />
    <ClCompile Include="Source\AnimationState.cpp" />
    <ClCompile Include="Source\AudioEngine.cpp" />
    <ClCompile Include="Source\Collision.cpp" />
    <ClCompile Include="Source\Component.cpp" />
    <ClCompile Include="Source\ConfigLoading.cpp" />
    <ClCompile Include="Source\Coordinator.cpp" />
    <ClCompile Include="Source\Core.cpp" />
    <ClCompile Include="Source\EntityManager.cpp" />
    <ClCompile Include="Source\ExceptionHandler.cpp" />
    <ClCompile Include="Source\FontSystem.cpp" />
    <ClCompile Include="Source\GameLogic.cpp" />
    <ClCompile Include="Source\glad.c" />
    <ClCompile Include="Source\GlobalVariables.cpp" />
    <ClCompile Include="Source\Graphics.cpp" />
    <ClCompile Include="Source\ImguiManager.cpp" />
    <ClCompile Include="Source\InputSystem.cpp" />
    <ClCompile Include="Source\JSONSerialization.cpp" />
    <ClCompile Include="Source\matrix3x3.cpp" />
    <ClCompile Include="Source\matrix4x4.cpp" />
    <ClCompile Include="Source\Mouse.cpp" />
    <ClCompile Include="Source\Physics.cpp" />
    <ClCompile Include="Source\Render.cpp" />
    <ClCompile Include="Source\Shader.cpp" />
    <ClCompile Include="Source\SignalHandler.cpp" />
    <ClCompile Include="Source\SystemsManager.cpp" />
    <ClCompile Include="Source\tinyXML2.cpp" />
    <ClCompile Include="Source\vector2d.cpp" />
    <ClCompile Include="Source\vector3d.cpp" />
    <ClCompile Include="Source\WinMain.cpp" />
    <ClCompile Include="Source\HelperFunctions.cpp" />
    <ClCompile Include="Source\AssetsManager.cpp" />
    <ClCompile Include="Source\PythonStuff.cpp" />
    <ClCompile Include="Source\ListOfComponents.cpp" />
    <ClCompile Include="Source\ParticleSystem.cpp" />
  </ItemGroup>
  <ItemGroup>
    <ClInclude Include="Header\AnimationState.h" />
    <ClInclude Include="Header\AssetsManager.h" />
    <ClInclude Include="Header\AudioEngine.h" />
    <ClInclude Include="Header\backward.hpp" />
    <ClInclude Include="Header\Collision.h" />
    <ClInclude Include="Header\CommonIncludes.h" />
    <ClInclude Include="Header\Component.h" />
    <ClInclude Include="Header\ComponentCreator.h" />
    <ClInclude Include="Header\ComponentTypeIds.h" />
    <ClInclude Include="Header\ConfigLoading.h" />
    <ClInclude Include="Header\Coordinator.h" />
    <ClInclude Include="Header\Core.h" />
    <ClInclude Include="Header\EntityManager.h" />
    <ClInclude Include="Header\ExceptionHandler.h" />
    <ClInclude Include="Header\FontSystem.h" />
    <ClInclude Include="Header\GameLogic.h" />
    <ClInclude Include="Header\GlobalVariables.h" />
    <ClInclude Include="Header\Graphics.h" />
    <ClInclude Include="Header\ImguiManager.h" />
    <ClInclude Include="Header\InputSystem.h" />
    <ClInclude Include="Header\JSONSerialization.h" />
    <ClInclude Include="Header\ListOfComponents.h" />
    <ClInclude Include="Header\matrix3x3.h" />
    <ClInclude Include="Header\matrix4x4.h" />
    <ClInclude Include="Header\MessageSystem.h" />
    <ClInclude Include="Header\Mouse.h" />
    <ClInclude Include="Header\Physics.h" />
    <ClInclude Include="Header\Render.h" />
    <ClInclude Include="Header\Shader.h" />
    <ClInclude Include="Header\SignalHandler.h" />
    <ClInclude Include="Header\SystemsManager.h" />
    <ClInclude Include="Header\vector2d.h" />
    <ClInclude Include="Header\vector3d.h" />
    <ClInclude Include="ImApp.h" />
    <ClInclude Include="Libraries\include\nlohmann\json_v3_10_5.hpp" />
    <ClInclude Include="Libraries\include\tinyXML\tinyxml2.h" />
    <ClInclude Include="Libraries\lib\ImGui\imconfig.h" />
    <ClInclude Include="Libraries\lib\ImGui\imgui.h" />
    <ClInclude Include="Libraries\lib\ImGui\ImGuizmo.h" />
    <ClInclude Include="Libraries\lib\ImGui\imgui_impl_glfw.h" />
    <ClInclude Include="Libraries\lib\ImGui\imgui_impl_opengl3.h" />
    <ClInclude Include="Libraries\lib\ImGui\imgui_impl_opengl3_loader.h" />
    <ClInclude Include="Libraries\lib\ImGui\imgui_internal.h" />
    <ClInclude Include="Libraries\lib\ImGui\imstb_rectpack.h" />
    <ClInclude Include="Libraries\lib\ImGui\imstb_textedit.h" />
    <ClInclude Include="Libraries\lib\ImGui\imstb_truetype.h" />
    <ClInclude Include="Header\PythonStuff.h" />
    <ClInclude Include="Header\HelperFunctions.h" />
    <ClInclude Include="Header\ParticleSystem.h" />
  </ItemGroup>
  <ItemGroup>
    <Xml Include="Config.xml" />
  </ItemGroup>
  <ItemGroup>
    <Text Include="GameObjects2.json" />
    <Text Include="GameObjects3.json" />
  </ItemGroup>
  <ItemGroup>
    <None Include="HowToPlay.json" />
    <None Include="Main_Menu.json" />
    <None Include="PauseMenu.json" />
    <None Include="PythonScripts.py" />
    <None Include="ConfirmQuit.json" />
    <None Include="Json\PlayerAnimation.json" />
    <None Include="Json\GameObjects.json" />
    <None Include="Json\spritesheet_ref.json" />
    <None Include="Json\Main_Menu.json" />
  </ItemGroup>
</Project>